{
  "meteor": {},
  "dependencies": {
    "basePackages": {
      "iron-router": {},
      "dumb-i18n": {
        "git": "https://github.com/sylvaingi/meteor-dumb-i18n.git",
        "branch": "master"
      },
      "smartfile": {}
    },
    "packages": {
      "iron-router": {
        "git": "https://github.com/EventedMind/iron-router.git",
        "tag": "v0.6.0",
        "commit": "c63e92d24c8210e2304ff5fed1b5c463394aeaf6"
      },
      "dumb-i18n": {
        "git": "https://github.com/sylvaingi/meteor-dumb-i18n.git",
        "branch": "master",
        "commit": "513ee9964d7986d9a470c0b257d554c03424aa7a"
      },
      "smartfile": {
        "git": "https://github.com/sylvaingi/meteor-smartfile.git",
        "tag": "v0.0.2",
        "commit": "dd8991f324c567d9d28273b739d582731f0c6756"
      }
    }
  }
}
