{
  "meteor": {},
  "dependencies": {
    "basePackages": {
      "iron-router": {},
      "dumb-i18n": {
        "git": "https://github.com/sylvaingi/meteor-dumb-i18n.git",
        "branch": "master"
      },
      "smartfile": {
        "git": "https://github.com/sylvaingi/meteor-smartfile.git",
        "branch": "master"
      }
    },
    "packages": {
      "iron-router": {
        "git": "https://github.com/EventedMind/iron-router.git",
        "tag": "v0.5.4",
        "commit": "3e0e22ff85630b7503d0daa1538c6d90abb84020"
      },
      "dumb-i18n": {
        "git": "https://github.com/sylvaingi/meteor-dumb-i18n.git",
        "branch": "master",
        "commit": "513ee9964d7986d9a470c0b257d554c03424aa7a"
      },
      "smartfile": {
        "git": "https://github.com/sylvaingi/meteor-smartfile.git",
        "branch": "master",
        "commit": "413d4d04ba6180a630e593b6003cbd258be0b936"
      }
    }
  }
}
